
Microsoft Visual Studio Solution File, Format Version 12.00
# Visual Studio Version 16
VisualStudioVersion = 16.0.30804.86
MinimumVisualStudioVersion = 10.0.40219.1
Project("{8BC9CEB8-8B4A-11D0-8D11-00A0C91BC942}") = "TestExe", "TestExe.vcxproj", "{9696B190-8A31-45BA-A43E-0287102EF438}"
	ProjectSection(ProjectDependencies) = postProject
		{CC4048D1-7AC0-4D3D-98A3-2922D996B5AB} = {CC4048D1-7AC0-4D3D-98A3-2922D996B5AB}
	EndProjectSection
EndProject
Project("{8BC9CEB8-8B4A-11D0-8D11-00A0C91BC942}") = "DIO2", "..\..\DIO2\VStudio\DIO2.vcxproj", "{CC4048D1-7AC0-4D3D-98A3-2922D996B5AB}"
EndProject
Project("{8BC9CEB8-8B4A-11D0-8D11-00A0C91BC942}") = "Commanders", "..\..\Commanders\VStudio\Commanders.vcxproj", "{9B47755B-558D-4577-9C7F-4E573605CAE3}"
EndProject
Project("{8BC9CEB8-8B4A-11D0-8D11-00A0C91BC942}") = "LcdUi", "..\..\LcdUi\VStudio\LcdUi.vcxproj", "{7B26BA45-2AF4-4EB1-8780-D28E09B51759}"
EndProject
Project("{8BC9CEB8-8B4A-11D0-8D11-00A0C91BC942}") = "ArduiEmulatorLib", "..\..\..\ArduiEmulatorWin\ArduiEmulatorLib\ArduiEmulatorLib.vcxproj", "{B177A85D-1CE5-4936-AA0D-B860F7D85390}"
EndProject
Global
	GlobalSection(SolutionConfigurationPlatforms) = preSolution
		Debug|x64 = Debug|x64
		Debug|x86 = Debug|x86
		Release|x64 = Release|x64
		Release|x86 = Release|x86
	EndGlobalSection
	GlobalSection(ProjectConfigurationPlatforms) = postSolution
		{9696B190-8A31-45BA-A43E-0287102EF438}.Debug|x64.ActiveCfg = Debug|x64
		{9696B190-8A31-45BA-A43E-0287102EF438}.Debug|x64.Build.0 = Debug|x64
		{9696B190-8A31-45BA-A43E-0287102EF438}.Debug|x86.ActiveCfg = Debug|x64
		{9696B190-8A31-45BA-A43E-0287102EF438}.Release|x64.ActiveCfg = Release|x64
		{9696B190-8A31-45BA-A43E-0287102EF438}.Release|x64.Build.0 = Release|x64
		{9696B190-8A31-45BA-A43E-0287102EF438}.Release|x86.ActiveCfg = Release|x64
		{CC4048D1-7AC0-4D3D-98A3-2922D996B5AB}.Debug|x64.ActiveCfg = Debug|x64
		{CC4048D1-7AC0-4D3D-98A3-2922D996B5AB}.Debug|x64.Build.0 = Debug|x64
		{CC4048D1-7AC0-4D3D-98A3-2922D996B5AB}.Debug|x86.ActiveCfg = Debug|x64
		{CC4048D1-7AC0-4D3D-98A3-2922D996B5AB}.Release|x64.ActiveCfg = Release|x64
		{CC4048D1-7AC0-4D3D-98A3-2922D996B5AB}.Release|x64.Build.0 = Release|x64
		{CC4048D1-7AC0-4D3D-98A3-2922D996B5AB}.Release|x86.ActiveCfg = Release|x64
		{9B47755B-558D-4577-9C7F-4E573605CAE3}.Debug|x64.ActiveCfg = Debug|x64
		{9B47755B-558D-4577-9C7F-4E573605CAE3}.Debug|x64.Build.0 = Debug|x64
		{9B47755B-558D-4577-9C7F-4E573605CAE3}.Debug|x86.ActiveCfg = Debug|Win32
		{9B47755B-558D-4577-9C7F-4E573605CAE3}.Debug|x86.Build.0 = Debug|Win32
		{9B47755B-558D-4577-9C7F-4E573605CAE3}.Release|x64.ActiveCfg = Release|x64
		{9B47755B-558D-4577-9C7F-4E573605CAE3}.Release|x64.Build.0 = Release|x64
		{9B47755B-558D-4577-9C7F-4E573605CAE3}.Release|x86.ActiveCfg = Release|Win32
		{9B47755B-558D-4577-9C7F-4E573605CAE3}.Release|x86.Build.0 = Release|Win32
		{7B26BA45-2AF4-4EB1-8780-D28E09B51759}.Debug|x64.ActiveCfg = Debug|x64
		{7B26BA45-2AF4-4EB1-8780-D28E09B51759}.Debug|x64.Build.0 = Debug|x64
		{7B26BA45-2AF4-4EB1-8780-D28E09B51759}.Debug|x86.ActiveCfg = Debug|Win32
		{7B26BA45-2AF4-4EB1-8780-D28E09B51759}.Debug|x86.Build.0 = Debug|Win32
		{7B26BA45-2AF4-4EB1-8780-D28E09B51759}.Release|x64.ActiveCfg = Release|x64
		{7B26BA45-2AF4-4EB1-8780-D28E09B51759}.Release|x64.Build.0 = Release|x64
		{7B26BA45-2AF4-4EB1-8780-D28E09B51759}.Release|x86.ActiveCfg = Release|Win32
		{7B26BA45-2AF4-4EB1-8780-D28E09B51759}.Release|x86.Build.0 = Release|Win32
		{B177A85D-1CE5-4936-AA0D-B860F7D85390}.Debug|x64.ActiveCfg = Debug|x64
		{B177A85D-1CE5-4936-AA0D-B860F7D85390}.Debug|x64.Build.0 = Debug|x64
		{B177A85D-1CE5-4936-AA0D-B860F7D85390}.Debug|x86.ActiveCfg = Debug|Win32
		{B177A85D-1CE5-4936-AA0D-B860F7D85390}.Debug|x86.Build.0 = Debug|Win32
		{B177A85D-1CE5-4936-AA0D-B860F7D85390}.Release|x64.ActiveCfg = Release|x64
		{B177A85D-1CE5-4936-AA0D-B860F7D85390}.Release|x64.Build.0 = Release|x64
		{B177A85D-1CE5-4936-AA0D-B860F7D85390}.Release|x86.ActiveCfg = Release|Win32
		{B177A85D-1CE5-4936-AA0D-B860F7D85390}.Release|x86.Build.0 = Release|Win32
	EndGlobalSection
	GlobalSection(SolutionProperties) = preSolution
		HideSolutionNode = FALSE
	EndGlobalSection
	GlobalSection(ExtensibilityGlobals) = postSolution
		SolutionGuid = {675F1EE7-0A60-4EAB-8030-C77F8A0F7C17}
	EndGlobalSection
EndGlobal
